
Microsoft Visual Studio Solution File, Format Version 12.00
# Visual Studio Version 16
VisualStudioVersion = 25.0.1706.14
MinimumVisualStudioVersion = 10.0.40219.1
Project("{FAE04EC0-301F-11D3-BF4B-00C04F79EFBC}") = "Sample03", "Sample03\Sample03.csproj", "{EF657BA2-088E-4272-B0ED-02787CE5DCFC}"
EndProject
Global
	GlobalSection(SolutionConfigurationPlatforms) = preSolution
		Debug|Any CPU = Debug|Any CPU
		Release|Any CPU = Release|Any CPU
	EndGlobalSection
	GlobalSection(ProjectConfigurationPlatforms) = postSolution
		{EF657BA2-088E-4272-B0ED-02787CE5DCFC}.Debug|Any CPU.ActiveCfg = Debug|Any CPU
		{EF657BA2-088E-4272-B0ED-02787CE5DCFC}.Debug|Any CPU.Build.0 = Debug|Any CPU
		{EF657BA2-088E-4272-B0ED-02787CE5DCFC}.Release|Any CPU.ActiveCfg = Release|Any CPU
		{EF657BA2-088E-4272-B0ED-02787CE5DCFC}.Release|Any CPU.Build.0 = Release|Any CPU
	EndGlobalSection
	GlobalSection(SolutionProperties) = preSolution
		HideSolutionNode = FALSE
	EndGlobalSection
	GlobalSection(ExtensibilityGlobals) = postSolution
		SolutionGuid = {0D1B02A0-6FCB-4118-A710-FD18BB019F70}
	EndGlobalSection
EndGlobal
